# THIS IS AN AUTOGENERATED FILE. DO NOT EDIT THIS FILE DIRECTLY.
# yarn lockfile v1


"@feathersjs/commons@^4.5.10":
  version "4.5.10"
  resolved "https://registry.yarnpkg.com/@feathersjs/commons/-/commons-4.5.10.tgz#e2dc526ce44f8e32c88fbb7bc3b89670e2781622"
  integrity sha512-3d6HaknbSY3fuA+BIrIxQhxGlA7EKCmH4YK3KR+f2cg7vZYHNEl+Cf5XC2fP2V7kWrdVgLy2AeB3t6oxCIFGtQ==

"@feathersjs/feathers@^4.5.10":
  version "4.5.10"
  resolved "https://registry.yarnpkg.com/@feathersjs/feathers/-/feathers-4.5.10.tgz#bef3b9a2362503b23ca8292426c494725f2192fa"
  integrity sha512-7NURB+Rc/CeoBmPFaCc6BCAlgxrJUbvhBYDzG4+koLaw9kAabbqhEOfb/KyqVQodbIWDFQjWS/IXYxjNYlrWeg==
  dependencies:
    "@feathersjs/commons" "^4.5.10"
    debug "^4.2.0"
    events "^3.2.0"
    uberproto "^2.0.6"

debug@^4.2.0:
  version "4.3.1"
  resolved "https://registry.yarnpkg.com/debug/-/debug-4.3.1.tgz#f0d229c505e0c6d8c49ac553d1b13dc183f6b2ee"
  integrity sha512-doEwdvm4PCeK4K3RQN2ZC2BYUBaxwLARCqZmMjtF8a51J2Rb0xpVloFRnCODwqjpwnAoao4pelN8l3RJdv3gRQ==
  dependencies:
    ms "2.1.2"

events@^3.2.0:
  version "3.2.0"
  resolved "https://registry.yarnpkg.com/events/-/events-3.2.0.tgz#93b87c18f8efcd4202a461aec4dfc0556b639379"
  integrity sha512-/46HWwbfCX2xTawVfkKLGxMifJYQBWMwY1mjywRtb4c9x8l5NP3KoJtnIOiL1hfdRkIuYhETxQlo62IF8tcnlg==

ms@2.1.2:
  version "2.1.2"
  resolved "https://registry.yarnpkg.com/ms/-/ms-2.1.2.tgz#d09d1f357b443f493382a8eb3ccd183872ae6009"
  integrity sha512-sGkPx+VjMtmA6MX27oA4FBFELFCZZ4S4XqeGOXCv68tT+jb3vk/RyaKWP0PTKyWtmLSM0b+adUTEvbs1PEaH2w==

uberproto@^2.0.6:
  version "2.0.6"
  resolved "https://registry.yarnpkg.com/uberproto/-/uberproto-2.0.6.tgz#709274d183bce6fb734dfd3880d2086ed72b69e5"
  integrity sha512-68H97HffZoFaa3HFtpstahWorN9dSp5uTU6jo3GjIQ6JkJBR3hC2Nx/e/HFOoYHdUyT/Z1MRWfxN1EiQJZUyCQ==
